// !$*UTF8*$!
{
	archiveVersion = 1;
	classes = {
	};
	objectVersion = 55;
	objects = {

/* Begin PBXBuildFile section */
		7B3ABD1B2773C995009884D1 /* AppDelegate.swift in Sources */ = {isa = PBXBuildFile; fileRef = 7B3ABD1A2773C995009884D1 /* AppDelegate.swift */; };
		7B3ABD1D2773C995009884D1 /* SceneDelegate.swift in Sources */ = {isa = PBXBuildFile; fileRef = 7B3ABD1C2773C995009884D1 /* SceneDelegate.swift */; };
		7B3ABD1F2773C995009884D1 /* ViewController.swift in Sources */ = {isa = PBXBuildFile; fileRef = 7B3ABD1E2773C995009884D1 /* ViewController.swift */; };
		7B3ABD222773C995009884D1 /* Main.storyboard in Resources */ = {isa = PBXBuildFile; fileRef = 7B3ABD202773C995009884D1 /* Main.storyboard */; };
		7B3ABD242773C999009884D1 /* Assets.xcassets in Resources */ = {isa = PBXBuildFile; fileRef = 7B3ABD232773C999009884D1 /* Assets.xcassets */; };
		7B3ABD272773C999009884D1 /* LaunchScreen.storyboard in Resources */ = {isa = PBXBuildFile; fileRef = 7B3ABD252773C999009884D1 /* LaunchScreen.storyboard */; };
		7B3ABD322773C99A009884D1 /* RestAPICallerTests.swift in Sources */ = {isa = PBXBuildFile; fileRef = 7B3ABD312773C99A009884D1 /* RestAPICallerTests.swift */; };
		7B3ABD3C2773C99A009884D1 /* RestAPICallerUITests.swift in Sources */ = {isa = PBXBuildFile; fileRef = 7B3ABD3B2773C99A009884D1 /* RestAPICallerUITests.swift */; };
		7B3ABD3E2773C99A009884D1 /* RestAPICallerUITestsLaunchTests.swift in Sources */ = {isa = PBXBuildFile; fileRef = 7B3ABD3D2773C99A009884D1 /* RestAPICallerUITestsLaunchTests.swift */; };
		7B3ABD4B2773C9DD009884D1 /* APICore.swift in Sources */ = {isa = PBXBuildFile; fileRef = 7B3ABD4A2773C9DD009884D1 /* APICore.swift */; };
/* End PBXBuildFile section */

/* Begin PBXContainerItemProxy section */
		7B3ABD2E2773C99A009884D1 /* PBXContainerItemProxy */ = {
			isa = PBXContainerItemProxy;
			containerPortal = 7B3ABD0F2773C995009884D1 /* Project object */;
			proxyType = 1;
			remoteGlobalIDString = 7B3ABD162773C995009884D1;
			remoteInfo = RestAPICaller;
		};
		7B3ABD382773C99A009884D1 /* PBXContainerItemProxy */ = {
			isa = PBXContainerItemProxy;
			containerPortal = 7B3ABD0F2773C995009884D1 /* Project object */;
			proxyType = 1;
			remoteGlobalIDString = 7B3ABD162773C995009884D1;
			remoteInfo = RestAPICaller;
		};
/* End PBXContainerItemProxy section */

/* Begin PBXFileReference section */
		7B3ABD172773C995009884D1 /* RestAPICaller.app */ = {isa = PBXFileReference; explicitFileType = wrapper.application; includeInIndex = 0; path = RestAPICaller.app; sourceTree = BUILT_PRODUCTS_DIR; };
		7B3ABD1A2773C995009884D1 /* AppDelegate.swift */ = {isa = PBXFileReference; lastKnownFileType = sourcecode.swift; path = AppDelegate.swift; sourceTree = "<group>"; };
		7B3ABD1C2773C995009884D1 /* SceneDelegate.swift */ = {isa = PBXFileReference; lastKnownFileType = sourcecode.swift; path = SceneDelegate.swift; sourceTree = "<group>"; };
		7B3ABD1E2773C995009884D1 /* ViewController.swift */ = {isa = PBXFileReference; lastKnownFileType = sourcecode.swift; path = ViewController.swift; sourceTree = "<group>"; };
		7B3ABD212773C995009884D1 /* Base */ = {isa = PBXFileReference; lastKnownFileType = file.storyboard; name = Base; path = Base.lproj/Main.storyboard; sourceTree = "<group>"; };
		7B3ABD232773C999009884D1 /* Assets.xcassets */ = {isa = PBXFileReference; lastKnownFileType = folder.assetcatalog; path = Assets.xcassets; sourceTree = "<group>"; };
		7B3ABD262773C999009884D1 /* Base */ = {isa = PBXFileReference; lastKnownFileType = file.storyboard; name = Base; path = Base.lproj/LaunchScreen.storyboard; sourceTree = "<group>"; };
		7B3ABD282773C999009884D1 /* Info.plist */ = {isa = PBXFileReference; lastKnownFileType = text.plist.xml; path = Info.plist; sourceTree = "<group>"; };
		7B3ABD2D2773C99A009884D1 /* RestAPICallerTests.xctest */ = {isa = PBXFileReference; explicitFileType = wrapper.cfbundle; includeInIndex = 0; path = RestAPICallerTests.xctest; sourceTree = BUILT_PRODUCTS_DIR; };
		7B3ABD312773C99A009884D1 /* RestAPICallerTests.swift */ = {isa = PBXFileReference; lastKnownFileType = sourcecode.swift; path = RestAPICallerTests.swift; sourceTree = "<group>"; };
		7B3ABD372773C99A009884D1 /* RestAPICallerUITests.xctest */ = {isa = PBXFileReference; explicitFileType = wrapper.cfbundle; includeInIndex = 0; path = RestAPICallerUITests.xctest; sourceTree = BUILT_PRODUCTS_DIR; };
		7B3ABD3B2773C99A009884D1 /* RestAPICallerUITests.swift */ = {isa = PBXFileReference; lastKnownFileType = sourcecode.swift; path = RestAPICallerUITests.swift; sourceTree = "<group>"; };
		7B3ABD3D2773C99A009884D1 /* RestAPICallerUITestsLaunchTests.swift */ = {isa = PBXFileReference; lastKnownFileType = sourcecode.swift; path = RestAPICallerUITestsLaunchTests.swift; sourceTree = "<group>"; };
		7B3ABD4A2773C9DD009884D1 /* APICore.swift */ = {isa = PBXFileReference; lastKnownFileType = sourcecode.swift; path = APICore.swift; sourceTree = "<group>"; };
/* End PBXFileReference section */

/* Begin PBXFrameworksBuildPhase section */
		7B3ABD142773C995009884D1 /* Frameworks */ = {
			isa = PBXFrameworksBuildPhase;
			buildActionMask = 2147483647;
			files = (
			);
			runOnlyForDeploymentPostprocessing = 0;
		};
		7B3ABD2A2773C99A009884D1 /* Frameworks */ = {
			isa = PBXFrameworksBuildPhase;
			buildActionMask = 2147483647;
			files = (
			);
			runOnlyForDeploymentPostprocessing = 0;
		};
		7B3ABD342773C99A009884D1 /* Frameworks */ = {
			isa = PBXFrameworksBuildPhase;
			buildActionMask = 2147483647;
			files = (
			);
			runOnlyForDeploymentPostprocessing = 0;
		};
/* End PBXFrameworksBuildPhase section */

/* Begin PBXGroup section */
		7B3ABD0E2773C995009884D1 = {
			isa = PBXGroup;
			children = (
				7B3ABD192773C995009884D1 /* RestAPICaller */,
				7B3ABD302773C99A009884D1 /* RestAPICallerTests */,
				7B3ABD3A2773C99A009884D1 /* RestAPICallerUITests */,
				7B3ABD182773C995009884D1 /* Products */,
			);
			sourceTree = "<group>";
		};
		7B3ABD182773C995009884D1 /* Products */ = {
			isa = PBXGroup;
			children = (
				7B3ABD172773C995009884D1 /* RestAPICaller.app */,
				7B3ABD2D2773C99A009884D1 /* RestAPICallerTests.xctest */,
				7B3ABD372773C99A009884D1 /* RestAPICallerUITests.xctest */,
			);
			name = Products;
			sourceTree = "<group>";
		};
		7B3ABD192773C995009884D1 /* RestAPICaller */ = {
			isa = PBXGroup;
			children = (
				7B3ABD1A2773C995009884D1 /* AppDelegate.swift */,
				7B3ABD1C2773C995009884D1 /* SceneDelegate.swift */,
				7B3ABD1E2773C995009884D1 /* ViewController.swift */,
				7B3ABD4A2773C9DD009884D1 /* APICore.swift */,
				7B3ABD202773C995009884D1 /* Main.storyboard */,
				7B3ABD232773C999009884D1 /* Assets.xcassets */,
				7B3ABD252773C999009884D1 /* LaunchScreen.storyboard */,
				7B3ABD282773C999009884D1 /* Info.plist */,
			);
			path = RestAPICaller;
			sourceTree = "<group>";
		};
		7B3ABD302773C99A009884D1 /* RestAPICallerTests */ = {
			isa = PBXGroup;
			children = (
				7B3ABD312773C99A009884D1 /* RestAPICallerTests.swift */,
			);
			path = RestAPICallerTests;
			sourceTree = "<group>";
		};
		7B3ABD3A2773C99A009884D1 /* RestAPICallerUITests */ = {
			isa = PBXGroup;
			children = (
				7B3ABD3B2773C99A009884D1 /* RestAPICallerUITests.swift */,
				7B3ABD3D2773C99A009884D1 /* RestAPICallerUITestsLaunchTests.swift */,
			);
			path = RestAPICallerUITests;
			sourceTree = "<group>";
		};
/* End PBXGroup section */

/* Begin PBXNativeTarget section */
		7B3ABD162773C995009884D1 /* RestAPICaller */ = {
			isa = PBXNativeTarget;
			buildConfigurationList = 7B3ABD412773C99A009884D1 /* Build configuration list for PBXNativeTarget "RestAPICaller" */;
			buildPhases = (
				7B3ABD132773C995009884D1 /* Sources */,
				7B3ABD142773C995009884D1 /* Frameworks */,
				7B3ABD152773C995009884D1 /* Resources */,
			);
			buildRules = (
			);
			dependencies = (
			);
			name = RestAPICaller;
			productName = RestAPICaller;
			productReference = 7B3ABD172773C995009884D1 /* RestAPICaller.app */;
			productType = "com.apple.product-type.application";
		};
		7B3ABD2C2773C99A009884D1 /* RestAPICallerTests */ = {
			isa = PBXNativeTarget;
			buildConfigurationList = 7B3ABD442773C99A009884D1 /* Build configuration list for PBXNativeTarget "RestAPICallerTests" */;
			buildPhases = (
				7B3ABD292773C99A009884D1 /* Sources */,
				7B3ABD2A2773C99A009884D1 /* Frameworks */,
				7B3ABD2B2773C99A009884D1 /* Resources */,
			);
			buildRules = (
			);
			dependencies = (
				7B3ABD2F2773C99A009884D1 /* PBXTargetDependency */,
			);
			name = RestAPICallerTests;
			productName = RestAPICallerTests;
			productReference = 7B3ABD2D2773C99A009884D1 /* RestAPICallerTests.xctest */;
			productType = "com.apple.product-type.bundle.unit-test";
		};
		7B3ABD362773C99A009884D1 /* RestAPICallerUITests */ = {
			isa = PBXNativeTarget;
			buildConfigurationList = 7B3ABD472773C99A009884D1 /* Build configuration list for PBXNativeTarget "RestAPICallerUITests" */;
			buildPhases = (
				7B3ABD332773C99A009884D1 /* Sources */,
				7B3ABD342773C99A009884D1 /* Frameworks */,
				7B3ABD352773C99A009884D1 /* Resources */,
			);
			buildRules = (
			);
			dependencies = (
				7B3ABD392773C99A009884D1 /* PBXTargetDependency */,
			);
			name = RestAPICallerUITests;
			productName = RestAPICallerUITests;
			productReference = 7B3ABD372773C99A009884D1 /* RestAPICallerUITests.xctest */;
			productType = "com.apple.product-type.bundle.ui-testing";
		};
/* End PBXNativeTarget section */

/* Begin PBXProject section */
		7B3ABD0F2773C995009884D1 /* Project object */ = {
			isa = PBXProject;
			attributes = {
				BuildIndependentTargetsInParallel = 1;
				LastSwiftUpdateCheck = 1320;
				LastUpgradeCheck = 1320;
				TargetAttributes = {
					7B3ABD162773C995009884D1 = {
						CreatedOnToolsVersion = 13.2.1;
					};
					7B3ABD2C2773C99A009884D1 = {
						CreatedOnToolsVersion = 13.2.1;
						TestTargetID = 7B3ABD162773C995009884D1;
					};
					7B3ABD362773C99A009884D1 = {
						CreatedOnToolsVersion = 13.2.1;
						TestTargetID = 7B3ABD162773C995009884D1;
					};
				};
			};
			buildConfigurationList = 7B3ABD122773C995009884D1 /* Build configuration list for PBXProject "RestAPICaller" */;
			compatibilityVersion = "Xcode 13.0";
			developmentRegion = en;
			hasScannedForEncodings = 0;
			knownRegions = (
				en,
				Base,
			);
			mainGroup = 7B3ABD0E2773C995009884D1;
			productRefGroup = 7B3ABD182773C995009884D1 /* Products */;
			projectDirPath = "";
			projectRoot = "";
			targets = (
				7B3ABD162773C995009884D1 /* RestAPICaller */,
				7B3ABD2C2773C99A009884D1 /* RestAPICallerTests */,
				7B3ABD362773C99A009884D1 /* RestAPICallerUITests */,
			);
		};
/* End PBXProject section */

/* Begin PBXResourcesBuildPhase section */
		7B3ABD152773C995009884D1 /* Resources */ = {
			isa = PBXResourcesBuildPhase;
			buildActionMask = 2147483647;
			files = (
				7B3ABD272773C999009884D1 /* LaunchScreen.storyboard in Resources */,
				7B3ABD242773C999009884D1 /* Assets.xcassets in Resources */,
				7B3ABD222773C995009884D1 /* Main.storyboard in Resources */,
			);
			runOnlyForDeploymentPostprocessing = 0;
		};
		7B3ABD2B2773C99A009884D1 /* Resources */ = {
			isa = PBXResourcesBuildPhase;
			buildActionMask = 2147483647;
			files = (
			);
			runOnlyForDeploymentPostprocessing = 0;
		};
		7B3ABD352773C99A009884D1 /* Resources */ = {
			isa = PBXResourcesBuildPhase;
			buildActionMask = 2147483647;
			files = (
			);
			runOnlyForDeploymentPostprocessing = 0;
		};
/* End PBXResourcesBuildPhase section */

/* Begin PBXSourcesBuildPhase section */
		7B3ABD132773C995009884D1 /* Sources */ = {
			isa = PBXSourcesBuildPhase;
			buildActionMask = 2147483647;
			files = (
				7B3ABD1F2773C995009884D1 /* ViewController.swift in Sources */,
				7B3ABD1B2773C995009884D1 /* AppDelegate.swift in Sources */,
				7B3ABD1D2773C995009884D1 /* SceneDelegate.swift in Sources */,
				7B3ABD4B2773C9DD009884D1 /* APICore.swift in Sources */,
			);
			runOnlyForDeploymentPostprocessing = 0;
		};
		7B3ABD292773C99A009884D1 /* Sources */ = {
			isa = PBXSourcesBuildPhase;
			buildActionMask = 2147483647;
			files = (
				7B3ABD322773C99A009884D1 /* RestAPICallerTests.swift in Sources */,
			);
			runOnlyForDeploymentPostprocessing = 0;
		};
		7B3ABD332773C99A009884D1 /* Sources */ = {
			isa = PBXSourcesBuildPhase;
			buildActionMask = 2147483647;
			files = (
				7B3ABD3E2773C99A009884D1 /* RestAPICallerUITestsLaunchTests.swift in Sources */,
				7B3ABD3C2773C99A009884D1 /* RestAPICallerUITests.swift in Sources */,
			);
			runOnlyForDeploymentPostprocessing = 0;
		};
/* End PBXSourcesBuildPhase section */

/* Begin PBXTargetDependency section */
		7B3ABD2F2773C99A009884D1 /* PBXTargetDependency */ = {
			isa = PBXTargetDependency;
			target = 7B3ABD162773C995009884D1 /* RestAPICaller */;
			targetProxy = 7B3ABD2E2773C99A009884D1 /* PBXContainerItemProxy */;
		};
		7B3ABD392773C99A009884D1 /* PBXTargetDependency */ = {
			isa = PBXTargetDependency;
			target = 7B3ABD162773C995009884D1 /* RestAPICaller */;
			targetProxy = 7B3ABD382773C99A009884D1 /* PBXContainerItemProxy */;
		};
/* End PBXTargetDependency section */

/* Begin PBXVariantGroup section */
		7B3ABD202773C995009884D1 /* Main.storyboard */ = {
			isa = PBXVariantGroup;
			children = (
				7B3ABD212773C995009884D1 /* Base */,
			);
			name = Main.storyboard;
			sourceTree = "<group>";
		};
		7B3ABD252773C999009884D1 /* LaunchScreen.storyboard */ = {
			isa = PBXVariantGroup;
			children = (
				7B3ABD262773C999009884D1 /* Base */,
			);
			name = LaunchScreen.storyboard;
			sourceTree = "<group>";
		};
/* End PBXVariantGroup section */

/* Begin XCBuildConfiguration section */
		7B3ABD3F2773C99A009884D1 /* Debug */ = {
			isa = XCBuildConfiguration;
			buildSettings = {
				ALWAYS_SEARCH_USER_PATHS = NO;
				CLANG_ANALYZER_NONNULL = YES;
				CLANG_ANALYZER_NUMBER_OBJECT_CONVERSION = YES_AGGRESSIVE;
				CLANG_CXX_LANGUAGE_STANDARD = "gnu++17";
				CLANG_CXX_LIBRARY = "libc++";
				CLANG_ENABLE_MODULES = YES;
				CLANG_ENABLE_OBJC_ARC = YES;
				CLANG_ENABLE_OBJC_WEAK = YES;
				CLANG_WARN_BLOCK_CAPTURE_AUTORELEASING = YES;
				CLANG_WARN_BOOL_CONVERSION = YES;
				CLANG_WARN_COMMA = YES;
				CLANG_WARN_CONSTANT_CONVERSION = YES;
				CLANG_WARN_DEPRECATED_OBJC_IMPLEMENTATIONS = YES;
				CLANG_WARN_DIRECT_OBJC_ISA_USAGE = YES_ERROR;
				CLANG_WARN_DOCUMENTATION_COMMENTS = YES;
				CLANG_WARN_EMPTY_BODY = YES;
				CLANG_WARN_ENUM_CONVERSION = YES;
				CLANG_WARN_INFINITE_RECURSION = YES;
				CLANG_WARN_INT_CONVERSION = YES;
				CLANG_WARN_NON_LITERAL_NULL_CONVERSION = YES;
				CLANG_WARN_OBJC_IMPLICIT_RETAIN_SELF = YES;
				CLANG_WARN_OBJC_LITERAL_CONVERSION = YES;
				CLANG_WARN_OBJC_ROOT_CLASS = YES_ERROR;
				CLANG_WARN_QUOTED_INCLUDE_IN_FRAMEWORK_HEADER = YES;
				CLANG_WARN_RANGE_LOOP_ANALYSIS = YES;
				CLANG_WARN_STRICT_PROTOTYPES = YES;
				CLANG_WARN_SUSPICIOUS_MOVE = YES;
				CLANG_WARN_UNGUARDED_AVAILABILITY = YES_AGGRESSIVE;
				CLANG_WARN_UNREACHABLE_CODE = YES;
				CLANG_WARN__DUPLICATE_METHOD_MATCH = YES;
				COPY_PHASE_STRIP = NO;
				DEBUG_INFORMATION_FORMAT = dwarf;
				ENABLE_STRICT_OBJC_MSGSEND = YES;
				ENABLE_TESTABILITY = YES;
				GCC_C_LANGUAGE_STANDARD = gnu11;
				GCC_DYNAMIC_NO_PIC = NO;
				GCC_NO_COMMON_BLOCKS = YES;
				GCC_OPTIMIZATION_LEVEL = 0;
				GCC_PREPROCESSOR_DEFINITIONS = (
					"DEBUG=1",
					"$(inherited)",
				);
				GCC_WARN_64_TO_32_BIT_CONVERSION = YES;
				GCC_WARN_ABOUT_RETURN_TYPE = YES_ERROR;
				GCC_WARN_UNDECLARED_SELECTOR = YES;
				GCC_WARN_UNINITIALIZED_AUTOS = YES_AGGRESSIVE;
				GCC_WARN_UNUSED_FUNCTION = YES;
				GCC_WARN_UNUSED_VARIABLE = YES;
				IPHONEOS_DEPLOYMENT_TARGET = 15.2;
				MTL_ENABLE_DEBUG_INFO = INCLUDE_SOURCE;
				MTL_FAST_MATH = YES;
				ONLY_ACTIVE_ARCH = YES;
				SDKROOT = iphoneos;
				SWIFT_ACTIVE_COMPILATION_CONDITIONS = DEBUG;
				SWIFT_OPTIMIZATION_LEVEL = "-Onone";
			};
			name = Debug;
		};
		7B3ABD402773C99A009884D1 /* Release */ = {
			isa = XCBuildConfiguration;
			buildSettings = {
				ALWAYS_SEARCH_USER_PATHS = NO;
				CLANG_ANALYZER_NONNULL = YES;
				CLANG_ANALYZER_NUMBER_OBJECT_CONVERSION = YES_AGGRESSIVE;
				CLANG_CXX_LANGUAGE_STANDARD = "gnu++17";
				CLANG_CXX_LIBRARY = "libc++";
				CLANG_ENABLE_MODULES = YES;
				CLANG_ENABLE_OBJC_ARC = YES;
				CLANG_ENABLE_OBJC_WEAK = YES;
				CLANG_WARN_BLOCK_CAPTURE_AUTORELEASING = YES;
				CLANG_WARN_BOOL_CONVERSION = YES;
				CLANG_WARN_COMMA = YES;
				CLANG_WARN_CONSTANT_CONVERSION = YES;
				CLANG_WARN_DEPRECATED_OBJC_IMPLEMENTATIONS = YES;
				CLANG_WARN_DIRECT_OBJC_ISA_USAGE = YES_ERROR;
				CLANG_WARN_DOCUMENTATION_COMMENTS = YES;
				CLANG_WARN_EMPTY_BODY = YES;
				CLANG_WARN_ENUM_CONVERSION = YES;
				CLANG_WARN_INFINITE_RECURSION = YES;
				CLANG_WARN_INT_CONVERSION = YES;
				CLANG_WARN_NON_LITERAL_NULL_CONVERSION = YES;
				CLANG_WARN_OBJC_IMPLICIT_RETAIN_SELF = YES;
				CLANG_WARN_OBJC_LITERAL_CONVERSION = YES;
				CLANG_WARN_OBJC_ROOT_CLASS = YES_ERROR;
				CLANG_WARN_QUOTED_INCLUDE_IN_FRAMEWORK_HEADER = YES;
				CLANG_WARN_RANGE_LOOP_ANALYSIS = YES;
				CLANG_WARN_STRICT_PROTOTYPES = YES;
				CLANG_WARN_SUSPICIOUS_MOVE = YES;
				CLANG_WARN_UNGUARDED_AVAILABILITY = YES_AGGRESSIVE;
				CLANG_WARN_UNREACHABLE_CODE = YES;
				CLANG_WARN__DUPLICATE_METHOD_MATCH = YES;
				COPY_PHASE_STRIP = NO;
				DEBUG_INFORMATION_FORMAT = "dwarf-with-dsym";
				ENABLE_NS_ASSERTIONS = NO;
				ENABLE_STRICT_OBJC_MSGSEND = YES;
				GCC_C_LANGUAGE_STANDARD = gnu11;
				GCC_NO_COMMON_BLOCKS = YES;
				GCC_WARN_64_TO_32_BIT_CONVERSION = YES;
				GCC_WARN_ABOUT_RETURN_TYPE = YES_ERROR;
				GCC_WARN_UNDECLARED_SELECTOR = YES;
				GCC_WARN_UNINITIALIZED_AUTOS = YES_AGGRESSIVE;
				GCC_WARN_UNUSED_FUNCTION = YES;
				GCC_WARN_UNUSED_VARIABLE = YES;
				IPHONEOS_DEPLOYMENT_TARGET = 15.2;
				MTL_ENABLE_DEBUG_INFO = NO;
				MTL_FAST_MATH = YES;
				SDKROOT = iphoneos;
				SWIFT_COMPILATION_MODE = wholemodule;
				SWIFT_OPTIMIZATION_LEVEL = "-O";
				VALIDATE_PRODUCT = YES;
			};
			name = Release;
		};
		7B3ABD422773C99A009884D1 /* Debug */ = {
			isa = XCBuildConfiguration;
			buildSettings = {
				ASSETCATALOG_COMPILER_APPICON_NAME = AppIcon;
				ASSETCATALOG_COMPILER_GLOBAL_ACCENT_COLOR_NAME = AccentColor;
				CODE_SIGN_STYLE = Automatic;
				CURRENT_PROJECT_VERSION = 1;
				DEVELOPMENT_TEAM = H7QBMXQ554;
				GENERATE_INFOPLIST_FILE = YES;
				INFOPLIST_FILE = RestAPICaller/Info.plist;
				INFOPLIST_KEY_UIApplicationSupportsIndirectInputEvents = YES;
				INFOPLIST_KEY_UILaunchStoryboardName = LaunchScreen;
				INFOPLIST_KEY_UIMainStoryboardFile = Main;
				INFOPLIST_KEY_UISupportedInterfaceOrientations_iPad = "UIInterfaceOrientationPortrait UIInterfaceOrientationPortraitUpsideDown UIInterfaceOrientationLandscapeLeft UIInterfaceOrientationLandscapeRight";
				INFOPLIST_KEY_UISupportedInterfaceOrientations_iPhone = "UIInterfaceOrientationPortrait UIInterfaceOrientationLandscapeLeft UIInterfaceOrientationLandscapeRight";
				LD_RUNPATH_SEARCH_PATHS = (
					"$(inherited)",
					"@executable_path/Frameworks",
				);
				MARKETING_VERSION = 1.0;
				PRODUCT_BUNDLE_IDENTIFIER = com.ying.RestAPICaller;
				PRODUCT_NAME = "$(TARGET_NAME)";
				SWIFT_EMIT_LOC_STRINGS = YES;
				SWIFT_VERSION = 5.0;
				TARGETED_DEVICE_FAMILY = "1,2";
			};
			name = Debug;
		};
		7B3ABD432773C99A009884D1 /* Release */ = {
			isa = XCBuildConfiguration;
			buildSettings = {
				ASSETCATALOG_COMPILER_APPICON_NAME = AppIcon;
				ASSETCATALOG_COMPILER_GLOBAL_ACCENT_COLOR_NAME = AccentColor;
				CODE_SIGN_STYLE = Automatic;
				CURRENT_PROJECT_VERSION = 1;
				DEVELOPMENT_TEAM = H7QBMXQ554;
				GENERATE_INFOPLIST_FILE = YES;
				INFOPLIST_FILE = RestAPICaller/Info.plist;
				INFOPLIST_KEY_UIApplicationSupportsIndirectInputEvents = YES;
				INFOPLIST_KEY_UILaunchStoryboardName = LaunchScreen;
				INFOPLIST_KEY_UIMainStoryboardFile = Main;
				INFOPLIST_KEY_UISupportedInterfaceOrientations_iPad = "UIInterfaceOrientationPortrait UIInterfaceOrientationPortraitUpsideDown UIInterfaceOrientationLandscapeLeft UIInterfaceOrientationLandscapeRight";
				INFOPLIST_KEY_UISupportedInterfaceOrientations_iPhone = "UIInterfaceOrientationPortrait UIInterfaceOrientationLandscapeLeft UIInterfaceOrientationLandscapeRight";
				LD_RUNPATH_SEARCH_PATHS = (
					"$(inherited)",
					"@executable_path/Frameworks",
				);
				MARKETING_VERSION = 1.0;
				PRODUCT_BUNDLE_IDENTIFIER = com.ying.RestAPICaller;
				PRODUCT_NAME = "$(TARGET_NAME)";
				SWIFT_EMIT_LOC_STRINGS = YES;
				SWIFT_VERSION = 5.0;
				TARGETED_DEVICE_FAMILY = "1,2";
			};
			name = Release;
		};
		7B3ABD452773C99A009884D1 /* Debug */ = {
			isa = XCBuildConfiguration;
			buildSettings = {
				ALWAYS_EMBED_SWIFT_STANDARD_LIBRARIES = YES;
				BUNDLE_LOADER = "$(TEST_HOST)";
				CODE_SIGN_STYLE = Automatic;
				CURRENT_PROJECT_VERSION = 1;
				DEVELOPMENT_TEAM = H7QBMXQ554;
				GENERATE_INFOPLIST_FILE = YES;
				IPHONEOS_DEPLOYMENT_TARGET = 15.2;
				MARKETING_VERSION = 1.0;
				PRODUCT_BUNDLE_IDENTIFIER = com.ying.RestAPICallerTests;
				PRODUCT_NAME = "$(TARGET_NAME)";
				SWIFT_EMIT_LOC_STRINGS = NO;
				SWIFT_VERSION = 5.0;
				TARGETED_DEVICE_FAMILY = "1,2";
				TEST_HOST = "$(BUILT_PRODUCTS_DIR)/RestAPICaller.app/RestAPICaller";
			};
			name = Debug;
		};
		7B3ABD462773C99A009884D1 /* Release */ = {
			isa = XCBuildConfiguration;
			buildSettings = {
				ALWAYS_EMBED_SWIFT_STANDARD_LIBRARIES = YES;
				BUNDLE_LOADER = "$(TEST_HOST)";
				CODE_SIGN_STYLE = Automatic;
				CURRENT_PROJECT_VERSION = 1;
				DEVELOPMENT_TEAM = H7QBMXQ554;
				GENERATE_INFOPLIST_FILE = YES;
				IPHONEOS_DEPLOYMENT_TARGET = 15.2;
				MARKETING_VERSION = 1.0;
				PRODUCT_BUNDLE_IDENTIFIER = com.ying.RestAPICallerTests;
				PRODUCT_NAME = "$(TARGET_NAME)";
				SWIFT_EMIT_LOC_STRINGS = NO;
				SWIFT_VERSION = 5.0;
				TARGETED_DEVICE_FAMILY = "1,2";
				TEST_HOST = "$(BUILT_PRODUCTS_DIR)/RestAPICaller.app/RestAPICaller";
			};
			name = Release;
		};
		7B3ABD482773C99A009884D1 /* Debug */ = {
			isa = XCBuildConfiguration;
			buildSettings = {
				ALWAYS_EMBED_SWIFT_STANDARD_LIBRARIES = YES;
				CODE_SIGN_STYLE = Automatic;
				CURRENT_PROJECT_VERSION = 1;
				DEVELOPMENT_TEAM = H7QBMXQ554;
				GENERATE_INFOPLIST_FILE = YES;
				MARKETING_VERSION = 1.0;
				PRODUCT_BUNDLE_IDENTIFIER = com.ying.RestAPICallerUITests;
				PRODUCT_NAME = "$(TARGET_NAME)";
				SWIFT_EMIT_LOC_STRINGS = NO;
				SWIFT_VERSION = 5.0;
				TARGETED_DEVICE_FAMILY = "1,2";
				TEST_TARGET_NAME = RestAPICaller;
			};
			name = Debug;
		};
		7B3ABD492773C99A009884D1 /* Release */ = {
			isa = XCBuildConfiguration;
			buildSettings = {
				ALWAYS_EMBED_SWIFT_STANDARD_LIBRARIES = YES;
				CODE_SIGN_STYLE = Automatic;
				CURRENT_PROJECT_VERSION = 1;
				DEVELOPMENT_TEAM = H7QBMXQ554;
				GENERATE_INFOPLIST_FILE = YES;
				MARKETING_VERSION = 1.0;
				PRODUCT_BUNDLE_IDENTIFIER = com.ying.RestAPICallerUITests;
				PRODUCT_NAME = "$(TARGET_NAME)";
				SWIFT_EMIT_LOC_STRINGS = NO;
				SWIFT_VERSION = 5.0;
				TARGETED_DEVICE_FAMILY = "1,2";
				TEST_TARGET_NAME = RestAPICaller;
			};
			name = Release;
		};
/* End XCBuildConfiguration section */

/* Begin XCConfigurationList section */
		7B3ABD122773C995009884D1 /* Build configuration list for PBXProject "RestAPICaller" */ = {
			isa = XCConfigurationList;
			buildConfigurations = (
				7B3ABD3F2773C99A009884D1 /* Debug */,
				7B3ABD402773C99A009884D1 /* Release */,
			);
			defaultConfigurationIsVisible = 0;
			defaultConfigurationName = Release;
		};
		7B3ABD412773C99A009884D1 /* Build configuration list for PBXNativeTarget "RestAPICaller" */ = {
			isa = XCConfigurationList;
			buildConfigurations = (
				7B3ABD422773C99A009884D1 /* Debug */,
				7B3ABD432773C99A009884D1 /* Release */,
			);
			defaultConfigurationIsVisible = 0;
			defaultConfigurationName = Release;
		};
		7B3ABD442773C99A009884D1 /* Build configuration list for PBXNativeTarget "RestAPICallerTests" */ = {
			isa = XCConfigurationList;
			buildConfigurations = (
				7B3ABD452773C99A009884D1 /* Debug */,
				7B3ABD462773C99A009884D1 /* Release */,
			);
			defaultConfigurationIsVisible = 0;
			defaultConfigurationName = Release;
		};
		7B3ABD472773C99A009884D1 /* Build configuration list for PBXNativeTarget "RestAPICallerUITests" */ = {
			isa = XCConfigurationList;
			buildConfigurations = (
				7B3ABD482773C99A009884D1 /* Debug */,
				7B3ABD492773C99A009884D1 /* Release */,
			);
			defaultConfigurationIsVisible = 0;
			defaultConfigurationName = Release;
		};
/* End XCConfigurationList section */
	};
	rootObject = 7B3ABD0F2773C995009884D1 /* Project object */;
}
